
Microsoft Visual Studio Solution File, Format Version 12.00
# Visual Studio Version 17
VisualStudioVersion = 17.0.32112.339
MinimumVisualStudioVersion = 10.0.40219.1
Project("{9A19103F-16F7-4668-BE54-9A1E7A4F7556}") = "NCPanel", "NCPanel\NCPanel.csproj", "{53F375F8-5417-493E-B56E-52A41F214694}"
EndProject
Project("{9A19103F-16F7-4668-BE54-9A1E7A4F7556}") = "NCPExtension", "NCPExtension\NCPExtension.csproj", "{F98853D9-1E5B-484E-AD8D-8AD8C55EF195}"
EndProject
Project("{9A19103F-16F7-4668-BE54-9A1E7A4F7556}") = "ExtensionExample", "ExtensionExample\ExtensionExample.csproj", "{824FB544-32E2-443F-8E85-31B78EC74B83}"
EndProject
Global
	GlobalSection(SolutionConfigurationPlatforms) = preSolution
		Debug|Any CPU = Debug|Any CPU
		Release|Any CPU = Release|Any CPU
	EndGlobalSection
	GlobalSection(ProjectConfigurationPlatforms) = postSolution
		{53F375F8-5417-493E-B56E-52A41F214694}.Debug|Any CPU.ActiveCfg = Debug|Any CPU
		{53F375F8-5417-493E-B56E-52A41F214694}.Debug|Any CPU.Build.0 = Debug|Any CPU
		{53F375F8-5417-493E-B56E-52A41F214694}.Release|Any CPU.ActiveCfg = Release|Any CPU
		{53F375F8-5417-493E-B56E-52A41F214694}.Release|Any CPU.Build.0 = Release|Any CPU
		{F98853D9-1E5B-484E-AD8D-8AD8C55EF195}.Debug|Any CPU.ActiveCfg = Debug|Any CPU
		{F98853D9-1E5B-484E-AD8D-8AD8C55EF195}.Debug|Any CPU.Build.0 = Debug|Any CPU
		{F98853D9-1E5B-484E-AD8D-8AD8C55EF195}.Release|Any CPU.ActiveCfg = Release|Any CPU
		{F98853D9-1E5B-484E-AD8D-8AD8C55EF195}.Release|Any CPU.Build.0 = Release|Any CPU
		{824FB544-32E2-443F-8E85-31B78EC74B83}.Debug|Any CPU.ActiveCfg = Debug|Any CPU
		{824FB544-32E2-443F-8E85-31B78EC74B83}.Debug|Any CPU.Build.0 = Debug|Any CPU
		{824FB544-32E2-443F-8E85-31B78EC74B83}.Release|Any CPU.ActiveCfg = Release|Any CPU
		{824FB544-32E2-443F-8E85-31B78EC74B83}.Release|Any CPU.Build.0 = Release|Any CPU
	EndGlobalSection
	GlobalSection(SolutionProperties) = preSolution
		HideSolutionNode = FALSE
	EndGlobalSection
	GlobalSection(ExtensibilityGlobals) = postSolution
		SolutionGuid = {AA62C591-E66B-4FE0-A92C-EC5DADA3A2F2}
	EndGlobalSection
EndGlobal
